<?xml version="1.0" encoding="utf-8"?>
<Project ToolsVersion="16.0" xmlns="http://schemas.microsoft.com/developer/msbuild/2003">
  <ItemGroup>
    <CustomBuild Include="C:\EDGE\CMakeFiles\54bb9cbe456e1c0815d58e878791f0ba\INSTALL_force.rule">
      <Filter>CMake Rules</Filter>
    </CustomBuild>
  </ItemGroup>
  <ItemGroup>
    <Filter Include="CMake Rules">
      <UniqueIdentifier>{F6C3FD55-7A52-3A65-9CB5-912D056F7D15}</UniqueIdentifier>
    </Filter>
  </ItemGroup>
</Project>
